{
  "originHash" : "e52d9b56dfb3f67ee4445e15344e958cabaedba19ae11dcebfefbfb751c64158",
  "pins" : [
    {
      "identity" : "mlx-swift",
      "kind" : "remoteSourceControl",
      "location" : "https://github.com/ml-explore/mlx-swift",
      "state" : {
        "revision" : "0bb916c67f4b9e5c682cbe02a42c701c93ab5021",
        "version" : "0.31.6"
      }
    },
    {
      "identity" : "sentry-cocoa",
      "kind" : "remoteSourceControl",
      "location" : "https://github.com/getsentry/sentry-cocoa.git",
      "state" : {
        "revision" : "d82bb1c5eb353a593573a5624bb370f5a1f500ce",
        "version" : "9.24.0"
      }
    },
    {
      "identity" : "swift-argument-parser",
      "kind" : "remoteSourceControl",
      "location" : "https://github.com/apple/swift-argument-parser",
      "state" : {
        "revision" : "6a52f3251125d74daf04fcbd5e6f08a75d074382",
        "version" : "1.8.2"
      }
    },
    {
      "identity" : "swift-numerics",
      "kind" : "remoteSourceControl",
      "location" : "https://github.com/apple/swift-numerics",
      "state" : {
        "revision" : "0c0290ff6b24942dadb83a929ffaaa1481df04a2",
        "version" : "1.1.1"
      }
    }
  ],
  "version" : 3
}
